
Microsoft Visual Studio Solution File, Format Version 12.00
# Visual Studio 14
VisualStudioVersion = 14.0.25420.1
MinimumVisualStudioVersion = 10.0.40219.1
Project("{D954291E-2A0B-460D-934E-DC6B0785DB48}") = "Challenge2", "Challenge2\Challenge2\Challenge2.shproj", "{458AED3F-96F6-4675-98FB-BABB93F57260}"
EndProject
Project("{FAE04EC0-301F-11D3-BF4B-00C04F79EFBC}") = "Challenge2.Android", "Challenge2\Challenge2.Android\Challenge2.Android.csproj", "{1504CD66-AE11-4729-BF10-D95CDCD59E9D}"
EndProject
Project("{FAE04EC0-301F-11D3-BF4B-00C04F79EFBC}") = "Challenge2.iOS", "Challenge2\Challenge2.iOS\Challenge2.iOS.csproj", "{5BFCFBAC-1C84-4CFF-8359-5C18EC2400F3}"
EndProject
Project("{FAE04EC0-301F-11D3-BF4B-00C04F79EFBC}") = "Challenge2.UWP", "Challenge2\Challenge2.UWP\Challenge2.UWP.csproj", "{511DB46B-6A73-4F54-88D6-577C2064A28D}"
EndProject
Global
	GlobalSection(SharedMSBuildProjectFiles) = preSolution
		Challenge2\Challenge2\Challenge2.projitems*{1504cd66-ae11-4729-bf10-d95cdcd59e9d}*SharedItemsImports = 4
		Challenge2\Challenge2\Challenge2.projitems*{458aed3f-96f6-4675-98fb-babb93f57260}*SharedItemsImports = 13
		Challenge2\Challenge2\Challenge2.projitems*{511db46b-6a73-4f54-88d6-577c2064a28d}*SharedItemsImports = 4
		Challenge2\Challenge2\Challenge2.projitems*{5bfcfbac-1c84-4cff-8359-5c18ec2400f3}*SharedItemsImports = 4
	EndGlobalSection
	GlobalSection(SolutionConfigurationPlatforms) = preSolution
		Ad-Hoc|Any CPU = Ad-Hoc|Any CPU
		Ad-Hoc|ARM = Ad-Hoc|ARM
		Ad-Hoc|iPhone = Ad-Hoc|iPhone
		Ad-Hoc|iPhoneSimulator = Ad-Hoc|iPhoneSimulator
		Ad-Hoc|x64 = Ad-Hoc|x64
		Ad-Hoc|x86 = Ad-Hoc|x86
		AppStore|Any CPU = AppStore|Any CPU
		AppStore|ARM = AppStore|ARM
		AppStore|iPhone = AppStore|iPhone
		AppStore|iPhoneSimulator = AppStore|iPhoneSimulator
		AppStore|x64 = AppStore|x64
		AppStore|x86 = AppStore|x86
		Debug|Any CPU = Debug|Any CPU
		Debug|ARM = Debug|ARM
		Debug|iPhone = Debug|iPhone
		Debug|iPhoneSimulator = Debug|iPhoneSimulator
		Debug|x64 = Debug|x64
		Debug|x86 = Debug|x86
		Release|Any CPU = Release|Any CPU
		Release|ARM = Release|ARM
		Release|iPhone = Release|iPhone
		Release|iPhoneSimulator = Release|iPhoneSimulator
		Release|x64 = Release|x64
		Release|x86 = Release|x86
	EndGlobalSection
	GlobalSection(ProjectConfigurationPlatforms) = postSolution
		{1504CD66-AE11-4729-BF10-D95CDCD59E9D}.Ad-Hoc|Any CPU.ActiveCfg = Release|Any CPU
		{1504CD66-AE11-4729-BF10-D95CDCD59E9D}.Ad-Hoc|Any CPU.Build.0 = Release|Any CPU
		{1504CD66-AE11-4729-BF10-D95CDCD59E9D}.Ad-Hoc|Any CPU.Deploy.0 = Release|Any CPU
		{1504CD66-AE11-4729-BF10-D95CDCD59E9D}.Ad-Hoc|ARM.ActiveCfg = Release|Any CPU
		{1504CD66-AE11-4729-BF10-D95CDCD59E9D}.Ad-Hoc|ARM.Build.0 = Release|Any CPU
		{1504CD66-AE11-4729-BF10-D95CDCD59E9D}.Ad-Hoc|ARM.Deploy.0 = Release|Any CPU
		{1504CD66-AE11-4729-BF10-D95CDCD59E9D}.Ad-Hoc|iPhone.ActiveCfg = Release|Any CPU
		{1504CD66-AE11-4729-BF10-D95CDCD59E9D}.Ad-Hoc|iPhone.Build.0 = Release|Any CPU
		{1504CD66-AE11-4729-BF10-D95CDCD59E9D}.Ad-Hoc|iPhone.Deploy.0 = Release|Any CPU
		{1504CD66-AE11-4729-BF10-D95CDCD59E9D}.Ad-Hoc|iPhoneSimulator.ActiveCfg = Release|Any CPU
		{1504CD66-AE11-4729-BF10-D95CDCD59E9D}.Ad-Hoc|iPhoneSimulator.Build.0 = Release|Any CPU
		{1504CD66-AE11-4729-BF10-D95CDCD59E9D}.Ad-Hoc|iPhoneSimulator.Deploy.0 = Release|Any CPU
		{1504CD66-AE11-4729-BF10-D95CDCD59E9D}.Ad-Hoc|x64.ActiveCfg = Release|Any CPU
		{1504CD66-AE11-4729-BF10-D95CDCD59E9D}.Ad-Hoc|x64.Build.0 = Release|Any CPU
		{1504CD66-AE11-4729-BF10-D95CDCD59E9D}.Ad-Hoc|x64.Deploy.0 = Release|Any CPU
		{1504CD66-AE11-4729-BF10-D95CDCD59E9D}.Ad-Hoc|x86.ActiveCfg = Release|Any CPU
		{1504CD66-AE11-4729-BF10-D95CDCD59E9D}.Ad-Hoc|x86.Build.0 = Release|Any CPU
		{1504CD66-AE11-4729-BF10-D95CDCD59E9D}.Ad-Hoc|x86.Deploy.0 = Release|Any CPU
		{1504CD66-AE11-4729-BF10-D95CDCD59E9D}.AppStore|Any CPU.ActiveCfg = Release|Any CPU
		{1504CD66-AE11-4729-BF10-D95CDCD59E9D}.AppStore|Any CPU.Build.0 = Release|Any CPU
		{1504CD66-AE11-4729-BF10-D95CDCD59E9D}.AppStore|Any CPU.Deploy.0 = Release|Any CPU
		{1504CD66-AE11-4729-BF10-D95CDCD59E9D}.AppStore|ARM.ActiveCfg = Release|Any CPU
		{1504CD66-AE11-4729-BF10-D95CDCD59E9D}.AppStore|ARM.Build.0 = Release|Any CPU
		{1504CD66-AE11-4729-BF10-D95CDCD59E9D}.AppStore|ARM.Deploy.0 = Release|Any CPU
		{1504CD66-AE11-4729-BF10-D95CDCD59E9D}.AppStore|iPhone.ActiveCfg = Release|Any CPU
		{1504CD66-AE11-4729-BF10-D95CDCD59E9D}.AppStore|iPhone.Build.0 = Release|Any CPU
		{1504CD66-AE11-4729-BF10-D95CDCD59E9D}.AppStore|iPhone.Deploy.0 = Release|Any CPU
		{1504CD66-AE11-4729-BF10-D95CDCD59E9D}.AppStore|iPhoneSimulator.ActiveCfg = Release|Any CPU
		{1504CD66-AE11-4729-BF10-D95CDCD59E9D}.AppStore|iPhoneSimulator.Build.0 = Release|Any CPU
		{1504CD66-AE11-4729-BF10-D95CDCD59E9D}.AppStore|iPhoneSimulator.Deploy.0 = Release|Any CPU
		{1504CD66-AE11-4729-BF10-D95CDCD59E9D}.AppStore|x64.ActiveCfg = Release|Any CPU
		{1504CD66-AE11-4729-BF10-D95CDCD59E9D}.AppStore|x64.Build.0 = Release|Any CPU
		{1504CD66-AE11-4729-BF10-D95CDCD59E9D}.AppStore|x64.Deploy.0 = Release|Any CPU
		{1504CD66-AE11-4729-BF10-D95CDCD59E9D}.AppStore|x86.ActiveCfg = Release|Any CPU
		{1504CD66-AE11-4729-BF10-D95CDCD59E9D}.AppStore|x86.Build.0 = Release|Any CPU
		{1504CD66-AE11-4729-BF10-D95CDCD59E9D}.AppStore|x86.Deploy.0 = Release|Any CPU
		{1504CD66-AE11-4729-BF10-D95CDCD59E9D}.Debug|Any CPU.ActiveCfg = Debug|Any CPU
		{1504CD66-AE11-4729-BF10-D95CDCD59E9D}.Debug|Any CPU.Build.0 = Debug|Any CPU
		{1504CD66-AE11-4729-BF10-D95CDCD59E9D}.Debug|Any CPU.Deploy.0 = Debug|Any CPU
		{1504CD66-AE11-4729-BF10-D95CDCD59E9D}.Debug|ARM.ActiveCfg = Debug|Any CPU
		{1504CD66-AE11-4729-BF10-D95CDCD59E9D}.Debug|ARM.Build.0 = Debug|Any CPU
		{1504CD66-AE11-4729-BF10-D95CDCD59E9D}.Debug|ARM.Deploy.0 = Debug|Any CPU
		{1504CD66-AE11-4729-BF10-D95CDCD59E9D}.Debug|iPhone.ActiveCfg = Debug|Any CPU
		{1504CD66-AE11-4729-BF10-D95CDCD59E9D}.Debug|iPhone.Build.0 = Debug|Any CPU
		{1504CD66-AE11-4729-BF10-D95CDCD59E9D}.Debug|iPhone.Deploy.0 = Debug|Any CPU
		{1504CD66-AE11-4729-BF10-D95CDCD59E9D}.Debug|iPhoneSimulator.ActiveCfg = Debug|Any CPU
		{1504CD66-AE11-4729-BF10-D95CDCD59E9D}.Debug|iPhoneSimulator.Build.0 = Debug|Any CPU
		{1504CD66-AE11-4729-BF10-D95CDCD59E9D}.Debug|iPhoneSimulator.Deploy.0 = Debug|Any CPU
		{1504CD66-AE11-4729-BF10-D95CDCD59E9D}.Debug|x64.ActiveCfg = Debug|Any CPU
		{1504CD66-AE11-4729-BF10-D95CDCD59E9D}.Debug|x64.Build.0 = Debug|Any CPU
		{1504CD66-AE11-4729-BF10-D95CDCD59E9D}.Debug|x64.Deploy.0 = Debug|Any CPU
		{1504CD66-AE11-4729-BF10-D95CDCD59E9D}.Debug|x86.ActiveCfg = Debug|Any CPU
		{1504CD66-AE11-4729-BF10-D95CDCD59E9D}.Debug|x86.Build.0 = Debug|Any CPU
		{1504CD66-AE11-4729-BF10-D95CDCD59E9D}.Debug|x86.Deploy.0 = Debug|Any CPU
		{1504CD66-AE11-4729-BF10-D95CDCD59E9D}.Release|Any CPU.ActiveCfg = Release|Any CPU
		{1504CD66-AE11-4729-BF10-D95CDCD59E9D}.Release|Any CPU.Build.0 = Release|Any CPU
		{1504CD66-AE11-4729-BF10-D95CDCD59E9D}.Release|Any CPU.Deploy.0 = Release|Any CPU
		{1504CD66-AE11-4729-BF10-D95CDCD59E9D}.Release|ARM.ActiveCfg = Release|Any CPU
		{1504CD66-AE11-4729-BF10-D95CDCD59E9D}.Release|ARM.Build.0 = Release|Any CPU
		{1504CD66-AE11-4729-BF10-D95CDCD59E9D}.Release|ARM.Deploy.0 = Release|Any CPU
		{1504CD66-AE11-4729-BF10-D95CDCD59E9D}.Release|iPhone.ActiveCfg = Release|Any CPU
		{1504CD66-AE11-4729-BF10-D95CDCD59E9D}.Release|iPhone.Build.0 = Release|Any CPU
		{1504CD66-AE11-4729-BF10-D95CDCD59E9D}.Release|iPhone.Deploy.0 = Release|Any CPU
		{1504CD66-AE11-4729-BF10-D95CDCD59E9D}.Release|iPhoneSimulator.ActiveCfg = Release|Any CPU
		{1504CD66-AE11-4729-BF10-D95CDCD59E9D}.Release|iPhoneSimulator.Build.0 = Release|Any CPU
		{1504CD66-AE11-4729-BF10-D95CDCD59E9D}.Release|iPhoneSimulator.Deploy.0 = Release|Any CPU
		{1504CD66-AE11-4729-BF10-D95CDCD59E9D}.Release|x64.ActiveCfg = Release|Any CPU
		{1504CD66-AE11-4729-BF10-D95CDCD59E9D}.Release|x64.Build.0 = Release|Any CPU
		{1504CD66-AE11-4729-BF10-D95CDCD59E9D}.Release|x64.Deploy.0 = Release|Any CPU
		{1504CD66-AE11-4729-BF10-D95CDCD59E9D}.Release|x86.ActiveCfg = Release|Any CPU
		{1504CD66-AE11-4729-BF10-D95CDCD59E9D}.Release|x86.Build.0 = Release|Any CPU
		{1504CD66-AE11-4729-BF10-D95CDCD59E9D}.Release|x86.Deploy.0 = Release|Any CPU
		{5BFCFBAC-1C84-4CFF-8359-5C18EC2400F3}.Ad-Hoc|Any CPU.ActiveCfg = Ad-Hoc|iPhone
		{5BFCFBAC-1C84-4CFF-8359-5C18EC2400F3}.Ad-Hoc|ARM.ActiveCfg = Ad-Hoc|iPhone
		{5BFCFBAC-1C84-4CFF-8359-5C18EC2400F3}.Ad-Hoc|iPhone.ActiveCfg = Ad-Hoc|iPhone
		{5BFCFBAC-1C84-4CFF-8359-5C18EC2400F3}.Ad-Hoc|iPhone.Build.0 = Ad-Hoc|iPhone
		{5BFCFBAC-1C84-4CFF-8359-5C18EC2400F3}.Ad-Hoc|iPhoneSimulator.ActiveCfg = Ad-Hoc|iPhoneSimulator
		{5BFCFBAC-1C84-4CFF-8359-5C18EC2400F3}.Ad-Hoc|iPhoneSimulator.Build.0 = Ad-Hoc|iPhoneSimulator
		{5BFCFBAC-1C84-4CFF-8359-5C18EC2400F3}.Ad-Hoc|x64.ActiveCfg = Ad-Hoc|iPhone
		{5BFCFBAC-1C84-4CFF-8359-5C18EC2400F3}.Ad-Hoc|x86.ActiveCfg = Ad-Hoc|iPhone
		{5BFCFBAC-1C84-4CFF-8359-5C18EC2400F3}.AppStore|Any CPU.ActiveCfg = AppStore|iPhone
		{5BFCFBAC-1C84-4CFF-8359-5C18EC2400F3}.AppStore|ARM.ActiveCfg = AppStore|iPhone
		{5BFCFBAC-1C84-4CFF-8359-5C18EC2400F3}.AppStore|iPhone.ActiveCfg = AppStore|iPhone
		{5BFCFBAC-1C84-4CFF-8359-5C18EC2400F3}.AppStore|iPhone.Build.0 = AppStore|iPhone
		{5BFCFBAC-1C84-4CFF-8359-5C18EC2400F3}.AppStore|iPhoneSimulator.ActiveCfg = AppStore|iPhoneSimulator
		{5BFCFBAC-1C84-4CFF-8359-5C18EC2400F3}.AppStore|iPhoneSimulator.Build.0 = AppStore|iPhoneSimulator
		{5BFCFBAC-1C84-4CFF-8359-5C18EC2400F3}.AppStore|x64.ActiveCfg = AppStore|iPhone
		{5BFCFBAC-1C84-4CFF-8359-5C18EC2400F3}.AppStore|x86.ActiveCfg = AppStore|iPhone
		{5BFCFBAC-1C84-4CFF-8359-5C18EC2400F3}.Debug|Any CPU.ActiveCfg = Debug|iPhone
		{5BFCFBAC-1C84-4CFF-8359-5C18EC2400F3}.Debug|ARM.ActiveCfg = Debug|iPhone
		{5BFCFBAC-1C84-4CFF-8359-5C18EC2400F3}.Debug|iPhone.ActiveCfg = Debug|iPhone
		{5BFCFBAC-1C84-4CFF-8359-5C18EC2400F3}.Debug|iPhone.Build.0 = Debug|iPhone
		{5BFCFBAC-1C84-4CFF-8359-5C18EC2400F3}.Debug|iPhoneSimulator.ActiveCfg = Debug|iPhoneSimulator
		{5BFCFBAC-1C84-4CFF-8359-5C18EC2400F3}.Debug|iPhoneSimulator.Build.0 = Debug|iPhoneSimulator
		{5BFCFBAC-1C84-4CFF-8359-5C18EC2400F3}.Debug|x64.ActiveCfg = Debug|iPhone
		{5BFCFBAC-1C84-4CFF-8359-5C18EC2400F3}.Debug|x86.ActiveCfg = Debug|iPhone
		{5BFCFBAC-1C84-4CFF-8359-5C18EC2400F3}.Release|Any CPU.ActiveCfg = Release|iPhone
		{5BFCFBAC-1C84-4CFF-8359-5C18EC2400F3}.Release|ARM.ActiveCfg = Release|iPhone
		{5BFCFBAC-1C84-4CFF-8359-5C18EC2400F3}.Release|iPhone.ActiveCfg = Release|iPhone
		{5BFCFBAC-1C84-4CFF-8359-5C18EC2400F3}.Release|iPhone.Build.0 = Release|iPhone
		{5BFCFBAC-1C84-4CFF-8359-5C18EC2400F3}.Release|iPhoneSimulator.ActiveCfg = Release|iPhoneSimulator
		{5BFCFBAC-1C84-4CFF-8359-5C18EC2400F3}.Release|iPhoneSimulator.Build.0 = Release|iPhoneSimulator
		{5BFCFBAC-1C84-4CFF-8359-5C18EC2400F3}.Release|x64.ActiveCfg = Release|iPhone
		{5BFCFBAC-1C84-4CFF-8359-5C18EC2400F3}.Release|x86.ActiveCfg = Release|iPhone
		{511DB46B-6A73-4F54-88D6-577C2064A28D}.Ad-Hoc|Any CPU.ActiveCfg = Release|x86
		{511DB46B-6A73-4F54-88D6-577C2064A28D}.Ad-Hoc|Any CPU.Build.0 = Release|x86
		{511DB46B-6A73-4F54-88D6-577C2064A28D}.Ad-Hoc|Any CPU.Deploy.0 = Release|x86
		{511DB46B-6A73-4F54-88D6-577C2064A28D}.Ad-Hoc|ARM.ActiveCfg = Release|ARM
		{511DB46B-6A73-4F54-88D6-577C2064A28D}.Ad-Hoc|ARM.Build.0 = Release|ARM
		{511DB46B-6A73-4F54-88D6-577C2064A28D}.Ad-Hoc|ARM.Deploy.0 = Release|ARM
		{511DB46B-6A73-4F54-88D6-577C2064A28D}.Ad-Hoc|iPhone.ActiveCfg = Release|x86
		{511DB46B-6A73-4F54-88D6-577C2064A28D}.Ad-Hoc|iPhone.Build.0 = Release|x86
		{511DB46B-6A73-4F54-88D6-577C2064A28D}.Ad-Hoc|iPhone.Deploy.0 = Release|x86
		{511DB46B-6A73-4F54-88D6-577C2064A28D}.Ad-Hoc|iPhoneSimulator.ActiveCfg = Release|x86
		{511DB46B-6A73-4F54-88D6-577C2064A28D}.Ad-Hoc|iPhoneSimulator.Build.0 = Release|x86
		{511DB46B-6A73-4F54-88D6-577C2064A28D}.Ad-Hoc|iPhoneSimulator.Deploy.0 = Release|x86
		{511DB46B-6A73-4F54-88D6-577C2064A28D}.Ad-Hoc|x64.ActiveCfg = Release|x64
		{511DB46B-6A73-4F54-88D6-577C2064A28D}.Ad-Hoc|x64.Build.0 = Release|x64
		{511DB46B-6A73-4F54-88D6-577C2064A28D}.Ad-Hoc|x64.Deploy.0 = Release|x64
		{511DB46B-6A73-4F54-88D6-577C2064A28D}.Ad-Hoc|x86.ActiveCfg = Release|x86
		{511DB46B-6A73-4F54-88D6-577C2064A28D}.Ad-Hoc|x86.Build.0 = Release|x86
		{511DB46B-6A73-4F54-88D6-577C2064A28D}.Ad-Hoc|x86.Deploy.0 = Release|x86
		{511DB46B-6A73-4F54-88D6-577C2064A28D}.AppStore|Any CPU.ActiveCfg = Release|x86
		{511DB46B-6A73-4F54-88D6-577C2064A28D}.AppStore|Any CPU.Build.0 = Release|x86
		{511DB46B-6A73-4F54-88D6-577C2064A28D}.AppStore|Any CPU.Deploy.0 = Release|x86
		{511DB46B-6A73-4F54-88D6-577C2064A28D}.AppStore|ARM.ActiveCfg = Release|ARM
		{511DB46B-6A73-4F54-88D6-577C2064A28D}.AppStore|ARM.Build.0 = Release|ARM
		{511DB46B-6A73-4F54-88D6-577C2064A28D}.AppStore|ARM.Deploy.0 = Release|ARM
		{511DB46B-6A73-4F54-88D6-577C2064A28D}.AppStore|iPhone.ActiveCfg = Release|x86
		{511DB46B-6A73-4F54-88D6-577C2064A28D}.AppStore|iPhone.Build.0 = Release|x86
		{511DB46B-6A73-4F54-88D6-577C2064A28D}.AppStore|iPhone.Deploy.0 = Release|x86
		{511DB46B-6A73-4F54-88D6-577C2064A28D}.AppStore|iPhoneSimulator.ActiveCfg = Release|x86
		{511DB46B-6A73-4F54-88D6-577C2064A28D}.AppStore|iPhoneSimulator.Build.0 = Release|x86
		{511DB46B-6A73-4F54-88D6-577C2064A28D}.AppStore|iPhoneSimulator.Deploy.0 = Release|x86
		{511DB46B-6A73-4F54-88D6-577C2064A28D}.AppStore|x64.ActiveCfg = Release|x64
		{511DB46B-6A73-4F54-88D6-577C2064A28D}.AppStore|x64.Build.0 = Release|x64
		{511DB46B-6A73-4F54-88D6-577C2064A28D}.AppStore|x64.Deploy.0 = Release|x64
		{511DB46B-6A73-4F54-88D6-577C2064A28D}.AppStore|x86.ActiveCfg = Release|x86
		{511DB46B-6A73-4F54-88D6-577C2064A28D}.AppStore|x86.Build.0 = Release|x86
		{511DB46B-6A73-4F54-88D6-577C2064A28D}.AppStore|x86.Deploy.0 = Release|x86
		{511DB46B-6A73-4F54-88D6-577C2064A28D}.Debug|Any CPU.ActiveCfg = Debug|x86
		{511DB46B-6A73-4F54-88D6-577C2064A28D}.Debug|ARM.ActiveCfg = Debug|ARM
		{511DB46B-6A73-4F54-88D6-577C2064A28D}.Debug|ARM.Build.0 = Debug|ARM
		{511DB46B-6A73-4F54-88D6-577C2064A28D}.Debug|ARM.Deploy.0 = Debug|ARM
		{511DB46B-6A73-4F54-88D6-577C2064A28D}.Debug|iPhone.ActiveCfg = Debug|x86
		{511DB46B-6A73-4F54-88D6-577C2064A28D}.Debug|iPhoneSimulator.ActiveCfg = Debug|x86
		{511DB46B-6A73-4F54-88D6-577C2064A28D}.Debug|x64.ActiveCfg = Debug|x64
		{511DB46B-6A73-4F54-88D6-577C2064A28D}.Debug|x64.Build.0 = Debug|x64
		{511DB46B-6A73-4F54-88D6-577C2064A28D}.Debug|x64.Deploy.0 = Debug|x64
		{511DB46B-6A73-4F54-88D6-577C2064A28D}.Debug|x86.ActiveCfg = Debug|x86
		{511DB46B-6A73-4F54-88D6-577C2064A28D}.Debug|x86.Build.0 = Debug|x86
		{511DB46B-6A73-4F54-88D6-577C2064A28D}.Debug|x86.Deploy.0 = Debug|x86
		{511DB46B-6A73-4F54-88D6-577C2064A28D}.Release|Any CPU.ActiveCfg = Release|x86
		{511DB46B-6A73-4F54-88D6-577C2064A28D}.Release|ARM.ActiveCfg = Release|ARM
		{511DB46B-6A73-4F54-88D6-577C2064A28D}.Release|ARM.Build.0 = Release|ARM
		{511DB46B-6A73-4F54-88D6-577C2064A28D}.Release|ARM.Deploy.0 = Release|ARM
		{511DB46B-6A73-4F54-88D6-577C2064A28D}.Release|iPhone.ActiveCfg = Release|x86
		{511DB46B-6A73-4F54-88D6-577C2064A28D}.Release|iPhoneSimulator.ActiveCfg = Release|x86
		{511DB46B-6A73-4F54-88D6-577C2064A28D}.Release|x64.ActiveCfg = Release|x64
		{511DB46B-6A73-4F54-88D6-577C2064A28D}.Release|x64.Build.0 = Release|x64
		{511DB46B-6A73-4F54-88D6-577C2064A28D}.Release|x64.Deploy.0 = Release|x64
		{511DB46B-6A73-4F54-88D6-577C2064A28D}.Release|x86.ActiveCfg = Release|x86
		{511DB46B-6A73-4F54-88D6-577C2064A28D}.Release|x86.Build.0 = Release|x86
		{511DB46B-6A73-4F54-88D6-577C2064A28D}.Release|x86.Deploy.0 = Release|x86
	EndGlobalSection
	GlobalSection(SolutionProperties) = preSolution
		HideSolutionNode = FALSE
	EndGlobalSection
EndGlobal
